
Microsoft Visual Studio Solution File, Format Version 12.00
# Visual Studio Version 17
VisualStudioVersion = 17.4.33213.308
MinimumVisualStudioVersion = 10.0.40219.1
Project("{FAE04EC0-301F-11D3-BF4B-00C04F79EFBC}") = "Time", "Time.csproj", "{43224956-C77D-49DD-9D8D-6F7CBF094827}"
EndProject
Global
	GlobalSection(SolutionConfigurationPlatforms) = preSolution
		Debug|Any CPU = Debug|Any CPU
		Release|Any CPU = Release|Any CPU
	EndGlobalSection
	GlobalSection(ProjectConfigurationPlatforms) = postSolution
		{43224956-C77D-49DD-9D8D-6F7CBF094827}.Debug|Any CPU.ActiveCfg = Debug|Any CPU
		{43224956-C77D-49DD-9D8D-6F7CBF094827}.Debug|Any CPU.Build.0 = Debug|Any CPU
		{43224956-C77D-49DD-9D8D-6F7CBF094827}.Release|Any CPU.ActiveCfg = Release|Any CPU
		{43224956-C77D-49DD-9D8D-6F7CBF094827}.Release|Any CPU.Build.0 = Release|Any CPU
	EndGlobalSection
	GlobalSection(SolutionProperties) = preSolution
		HideSolutionNode = FALSE
	EndGlobalSection
	GlobalSection(ExtensibilityGlobals) = postSolution
		SolutionGuid = {89959FF4-B22D-41D8-AE71-4793831D36BA}
	EndGlobalSection
EndGlobal
